
Microsoft Visual Studio Solution File, Format Version 12.00
# Visual Studio Version 17
VisualStudioVersion = 17.8.35707.121
MinimumVisualStudioVersion = 10.0.40219.1
Project("{FAE04EC0-301F-11D3-BF4B-00C04F79EFBC}") = "Coral Launcher", "Coral Launcher\Coral Launcher.csproj", "{DCD92A7E-DC40-46D2-B587-D1B602FDBA37}"
EndProject
Global
	GlobalSection(SolutionConfigurationPlatforms) = preSolution
		Debug|Any CPU = Debug|Any CPU
		Release|Any CPU = Release|Any CPU
	EndGlobalSection
	GlobalSection(ProjectConfigurationPlatforms) = postSolution
		{DCD92A7E-DC40-46D2-B587-D1B602FDBA37}.Debug|Any CPU.ActiveCfg = Debug|Any CPU
		{DCD92A7E-DC40-46D2-B587-D1B602FDBA37}.Debug|Any CPU.Build.0 = Debug|Any CPU
		{DCD92A7E-DC40-46D2-B587-D1B602FDBA37}.Release|Any CPU.ActiveCfg = Release|Any CPU
		{DCD92A7E-DC40-46D2-B587-D1B602FDBA37}.Release|Any CPU.Build.0 = Release|Any CPU
	EndGlobalSection
	GlobalSection(SolutionProperties) = preSolution
		HideSolutionNode = FALSE
	EndGlobalSection
	GlobalSection(ExtensibilityGlobals) = postSolution
		SolutionGuid = {4319FB25-7208-4DFA-AAE7-D18944EAD4E5}
	EndGlobalSection
EndGlobal
